
Microsoft Visual Studio Solution File, Format Version 12.00
# Visual Studio Version 16
VisualStudioVersion = 16.0.31320.298
MinimumVisualStudioVersion = 10.0.40219.1
Project("{C7167F0D-BC9F-4E6E-AFE1-012C56B48DB5}") = "MultiMessenger (Package)", "MultiMessenger (Package)\MultiMessenger (Package).wapproj", "{4F7EC1DB-4D78-45E4-A3A1-D5DF158FA173}"
EndProject
Project("{9A19103F-16F7-4668-BE54-9A1E7A4F7556}") = "MultiMessenger", "MultiMessenger\MultiMessenger.csproj", "{166AEB1D-1A1C-4529-A38C-25AF5AA681DF}"
EndProject
Project("{9A19103F-16F7-4668-BE54-9A1E7A4F7556}") = "WindowExtensions", "WindowExtensions\WindowExtensions.csproj", "{21F2BBCA-A8B3-4B51-BAEA-03630785E850}"
EndProject
Global
	GlobalSection(SolutionConfigurationPlatforms) = preSolution
		Debug|arm64 = Debug|arm64
		Debug|x64 = Debug|x64
		Debug|x86 = Debug|x86
		Release|arm64 = Release|arm64
		Release|x64 = Release|x64
		Release|x86 = Release|x86
	EndGlobalSection
	GlobalSection(ProjectConfigurationPlatforms) = postSolution
		{4F7EC1DB-4D78-45E4-A3A1-D5DF158FA173}.Debug|arm64.ActiveCfg = Debug|arm64
		{4F7EC1DB-4D78-45E4-A3A1-D5DF158FA173}.Debug|arm64.Build.0 = Debug|arm64
		{4F7EC1DB-4D78-45E4-A3A1-D5DF158FA173}.Debug|arm64.Deploy.0 = Debug|arm64
		{4F7EC1DB-4D78-45E4-A3A1-D5DF158FA173}.Debug|x64.ActiveCfg = Debug|x64
		{4F7EC1DB-4D78-45E4-A3A1-D5DF158FA173}.Debug|x64.Build.0 = Debug|x64
		{4F7EC1DB-4D78-45E4-A3A1-D5DF158FA173}.Debug|x64.Deploy.0 = Debug|x64
		{4F7EC1DB-4D78-45E4-A3A1-D5DF158FA173}.Debug|x86.ActiveCfg = Debug|x86
		{4F7EC1DB-4D78-45E4-A3A1-D5DF158FA173}.Debug|x86.Build.0 = Debug|x86
		{4F7EC1DB-4D78-45E4-A3A1-D5DF158FA173}.Debug|x86.Deploy.0 = Debug|x86
		{4F7EC1DB-4D78-45E4-A3A1-D5DF158FA173}.Release|arm64.ActiveCfg = Release|arm64
		{4F7EC1DB-4D78-45E4-A3A1-D5DF158FA173}.Release|arm64.Build.0 = Release|arm64
		{4F7EC1DB-4D78-45E4-A3A1-D5DF158FA173}.Release|arm64.Deploy.0 = Release|arm64
		{4F7EC1DB-4D78-45E4-A3A1-D5DF158FA173}.Release|x64.ActiveCfg = Release|x64
		{4F7EC1DB-4D78-45E4-A3A1-D5DF158FA173}.Release|x64.Build.0 = Release|x64
		{4F7EC1DB-4D78-45E4-A3A1-D5DF158FA173}.Release|x64.Deploy.0 = Release|x64
		{4F7EC1DB-4D78-45E4-A3A1-D5DF158FA173}.Release|x86.ActiveCfg = Release|x86
		{4F7EC1DB-4D78-45E4-A3A1-D5DF158FA173}.Release|x86.Build.0 = Release|x86
		{4F7EC1DB-4D78-45E4-A3A1-D5DF158FA173}.Release|x86.Deploy.0 = Release|x86
		{166AEB1D-1A1C-4529-A38C-25AF5AA681DF}.Debug|arm64.ActiveCfg = Debug|arm64
		{166AEB1D-1A1C-4529-A38C-25AF5AA681DF}.Debug|arm64.Build.0 = Debug|arm64
		{166AEB1D-1A1C-4529-A38C-25AF5AA681DF}.Debug|x64.ActiveCfg = Debug|x64
		{166AEB1D-1A1C-4529-A38C-25AF5AA681DF}.Debug|x64.Build.0 = Debug|x64
		{166AEB1D-1A1C-4529-A38C-25AF5AA681DF}.Debug|x86.ActiveCfg = Debug|x86
		{166AEB1D-1A1C-4529-A38C-25AF5AA681DF}.Debug|x86.Build.0 = Debug|x86
		{166AEB1D-1A1C-4529-A38C-25AF5AA681DF}.Release|arm64.ActiveCfg = Release|arm64
		{166AEB1D-1A1C-4529-A38C-25AF5AA681DF}.Release|arm64.Build.0 = Release|arm64
		{166AEB1D-1A1C-4529-A38C-25AF5AA681DF}.Release|x64.ActiveCfg = Release|x64
		{166AEB1D-1A1C-4529-A38C-25AF5AA681DF}.Release|x64.Build.0 = Release|x64
		{166AEB1D-1A1C-4529-A38C-25AF5AA681DF}.Release|x86.ActiveCfg = Release|x86
		{166AEB1D-1A1C-4529-A38C-25AF5AA681DF}.Release|x86.Build.0 = Release|x86
		{21F2BBCA-A8B3-4B51-BAEA-03630785E850}.Debug|arm64.ActiveCfg = Debug|arm64
		{21F2BBCA-A8B3-4B51-BAEA-03630785E850}.Debug|arm64.Build.0 = Debug|arm64
		{21F2BBCA-A8B3-4B51-BAEA-03630785E850}.Debug|x64.ActiveCfg = Debug|x64
		{21F2BBCA-A8B3-4B51-BAEA-03630785E850}.Debug|x64.Build.0 = Debug|x64
		{21F2BBCA-A8B3-4B51-BAEA-03630785E850}.Debug|x86.ActiveCfg = Debug|x86
		{21F2BBCA-A8B3-4B51-BAEA-03630785E850}.Debug|x86.Build.0 = Debug|x86
		{21F2BBCA-A8B3-4B51-BAEA-03630785E850}.Release|arm64.ActiveCfg = Release|arm64
		{21F2BBCA-A8B3-4B51-BAEA-03630785E850}.Release|arm64.Build.0 = Release|arm64
		{21F2BBCA-A8B3-4B51-BAEA-03630785E850}.Release|x64.ActiveCfg = Release|x64
		{21F2BBCA-A8B3-4B51-BAEA-03630785E850}.Release|x64.Build.0 = Release|x64
		{21F2BBCA-A8B3-4B51-BAEA-03630785E850}.Release|x86.ActiveCfg = Release|x86
		{21F2BBCA-A8B3-4B51-BAEA-03630785E850}.Release|x86.Build.0 = Release|x86
	EndGlobalSection
	GlobalSection(SolutionProperties) = preSolution
		HideSolutionNode = FALSE
	EndGlobalSection
	GlobalSection(ExtensibilityGlobals) = postSolution
		SolutionGuid = {B66813B3-2052-4A14-8442-44F944D9E71E}
	EndGlobalSection
EndGlobal
